
Microsoft Visual Studio Solution File, Format Version 12.00
# Visual Studio Version 16
VisualStudioVersion = 16.0.30002.166
MinimumVisualStudioVersion = 10.0.40219.1
Project("{FAE04EC0-301F-11D3-BF4B-00C04F79EFBC}") = "OMSServiceMini", "OMSServiceMini\OMSServiceMini.csproj", "{B0C4FBA7-D2DA-47B7-8897-AB0BD5D5CFB7}"
EndProject
Global
	GlobalSection(SolutionConfigurationPlatforms) = preSolution
		Debug|Any CPU = Debug|Any CPU
		Release|Any CPU = Release|Any CPU
	EndGlobalSection
	GlobalSection(ProjectConfigurationPlatforms) = postSolution
		{B0C4FBA7-D2DA-47B7-8897-AB0BD5D5CFB7}.Debug|Any CPU.ActiveCfg = Debug|Any CPU
		{B0C4FBA7-D2DA-47B7-8897-AB0BD5D5CFB7}.Debug|Any CPU.Build.0 = Debug|Any CPU
		{B0C4FBA7-D2DA-47B7-8897-AB0BD5D5CFB7}.Release|Any CPU.ActiveCfg = Release|Any CPU
		{B0C4FBA7-D2DA-47B7-8897-AB0BD5D5CFB7}.Release|Any CPU.Build.0 = Release|Any CPU
	EndGlobalSection
	GlobalSection(SolutionProperties) = preSolution
		HideSolutionNode = FALSE
	EndGlobalSection
	GlobalSection(ExtensibilityGlobals) = postSolution
		SolutionGuid = {857FC6D7-A76D-441C-A3FA-265C72777011}
	EndGlobalSection
EndGlobal
